
Microsoft Visual Studio Solution File, Format Version 12.00
# Visual Studio Version 16
VisualStudioVersion = 16.0.30011.22
MinimumVisualStudioVersion = 10.0.40219.1
Project("{9A19103F-16F7-4668-BE54-9A1E7A4F7556}") = "WeatherApi", "src\WeatherApi\WeatherApi.csproj", "{8C0363A3-B340-4090-871E-A435FF58609D}"
EndProject
Project("{2150E333-8FDC-42A3-9474-1A3956D46DE8}") = "src", "src", "{2533F9D5-363A-4EBD-95EC-B02FAC0CE4F6}"
EndProject
Project("{2150E333-8FDC-42A3-9474-1A3956D46DE8}") = "tests", "tests", "{C4309129-6232-4D7F-A112-1536AA50526C}"
EndProject
Project("{9A19103F-16F7-4668-BE54-9A1E7A4F7556}") = "Communication", "src\Communication\Communication.csproj", "{EC03E756-5B06-4179-B4DE-94AC90CEE862}"
EndProject
Project("{9A19103F-16F7-4668-BE54-9A1E7A4F7556}") = "Business", "src\Business\Business.csproj", "{75FC8E76-5039-40B4-90EE-96DDE8FAEB65}"
EndProject
Project("{9A19103F-16F7-4668-BE54-9A1E7A4F7556}") = "Persistence", "src\Persistence\Persistence.csproj", "{71F8FA9E-1D21-49A1-B815-D8EE1E882A31}"
EndProject
Project("{9A19103F-16F7-4668-BE54-9A1E7A4F7556}") = "Common", "src\Common\Common.csproj", "{2440748A-E272-489A-B2B4-A44BB7FD249C}"
EndProject
Project("{9A19103F-16F7-4668-BE54-9A1E7A4F7556}") = "SpecFlow_BDD", "tests\SpecFlow_BDD\SpecFlow_BDD.csproj", "{B650F292-9992-4797-930B-5D37BB0A633B}"
EndProject
Project("{9A19103F-16F7-4668-BE54-9A1E7A4F7556}") = "PersistenceTests", "tests\PersistenceTests\PersistenceTests.csproj", "{520F2374-0B34-485F-951F-9C75E3ADEE76}"
EndProject
Project("{FAE04EC0-301F-11D3-BF4B-00C04F79EFBC}") = "ApiConnectionTests", "tests\ApiConnectionTests\ApiConnectionTests.csproj", "{CCEABAF4-55BC-4EC0-B15A-C5482700DAE7}"
EndProject
Project("{FAE04EC0-301F-11D3-BF4B-00C04F79EFBC}") = "BusinessTests", "tests\BusinessTests\BusinessTests.csproj", "{6C07B4B7-0FD7-427C-B2F8-F4944497C579}"
EndProject
Global
	GlobalSection(SolutionConfigurationPlatforms) = preSolution
		Debug|Any CPU = Debug|Any CPU
		Release|Any CPU = Release|Any CPU
	EndGlobalSection
	GlobalSection(ProjectConfigurationPlatforms) = postSolution
		{8C0363A3-B340-4090-871E-A435FF58609D}.Debug|Any CPU.ActiveCfg = Debug|Any CPU
		{8C0363A3-B340-4090-871E-A435FF58609D}.Debug|Any CPU.Build.0 = Debug|Any CPU
		{8C0363A3-B340-4090-871E-A435FF58609D}.Release|Any CPU.ActiveCfg = Release|Any CPU
		{8C0363A3-B340-4090-871E-A435FF58609D}.Release|Any CPU.Build.0 = Release|Any CPU
		{EC03E756-5B06-4179-B4DE-94AC90CEE862}.Debug|Any CPU.ActiveCfg = Debug|Any CPU
		{EC03E756-5B06-4179-B4DE-94AC90CEE862}.Debug|Any CPU.Build.0 = Debug|Any CPU
		{EC03E756-5B06-4179-B4DE-94AC90CEE862}.Release|Any CPU.ActiveCfg = Release|Any CPU
		{EC03E756-5B06-4179-B4DE-94AC90CEE862}.Release|Any CPU.Build.0 = Release|Any CPU
		{75FC8E76-5039-40B4-90EE-96DDE8FAEB65}.Debug|Any CPU.ActiveCfg = Debug|Any CPU
		{75FC8E76-5039-40B4-90EE-96DDE8FAEB65}.Debug|Any CPU.Build.0 = Debug|Any CPU
		{75FC8E76-5039-40B4-90EE-96DDE8FAEB65}.Release|Any CPU.ActiveCfg = Release|Any CPU
		{75FC8E76-5039-40B4-90EE-96DDE8FAEB65}.Release|Any CPU.Build.0 = Release|Any CPU
		{71F8FA9E-1D21-49A1-B815-D8EE1E882A31}.Debug|Any CPU.ActiveCfg = Debug|Any CPU
		{71F8FA9E-1D21-49A1-B815-D8EE1E882A31}.Debug|Any CPU.Build.0 = Debug|Any CPU
		{71F8FA9E-1D21-49A1-B815-D8EE1E882A31}.Release|Any CPU.ActiveCfg = Release|Any CPU
		{71F8FA9E-1D21-49A1-B815-D8EE1E882A31}.Release|Any CPU.Build.0 = Release|Any CPU
		{2440748A-E272-489A-B2B4-A44BB7FD249C}.Debug|Any CPU.ActiveCfg = Debug|Any CPU
		{2440748A-E272-489A-B2B4-A44BB7FD249C}.Debug|Any CPU.Build.0 = Debug|Any CPU
		{2440748A-E272-489A-B2B4-A44BB7FD249C}.Release|Any CPU.ActiveCfg = Release|Any CPU
		{2440748A-E272-489A-B2B4-A44BB7FD249C}.Release|Any CPU.Build.0 = Release|Any CPU
		{B650F292-9992-4797-930B-5D37BB0A633B}.Debug|Any CPU.ActiveCfg = Debug|Any CPU
		{B650F292-9992-4797-930B-5D37BB0A633B}.Debug|Any CPU.Build.0 = Debug|Any CPU
		{B650F292-9992-4797-930B-5D37BB0A633B}.Release|Any CPU.ActiveCfg = Release|Any CPU
		{B650F292-9992-4797-930B-5D37BB0A633B}.Release|Any CPU.Build.0 = Release|Any CPU
		{520F2374-0B34-485F-951F-9C75E3ADEE76}.Debug|Any CPU.ActiveCfg = Debug|Any CPU
		{520F2374-0B34-485F-951F-9C75E3ADEE76}.Debug|Any CPU.Build.0 = Debug|Any CPU
		{520F2374-0B34-485F-951F-9C75E3ADEE76}.Release|Any CPU.ActiveCfg = Release|Any CPU
		{520F2374-0B34-485F-951F-9C75E3ADEE76}.Release|Any CPU.Build.0 = Release|Any CPU
		{CCEABAF4-55BC-4EC0-B15A-C5482700DAE7}.Debug|Any CPU.ActiveCfg = Debug|Any CPU
		{CCEABAF4-55BC-4EC0-B15A-C5482700DAE7}.Debug|Any CPU.Build.0 = Debug|Any CPU
		{CCEABAF4-55BC-4EC0-B15A-C5482700DAE7}.Release|Any CPU.ActiveCfg = Release|Any CPU
		{CCEABAF4-55BC-4EC0-B15A-C5482700DAE7}.Release|Any CPU.Build.0 = Release|Any CPU
		{6C07B4B7-0FD7-427C-B2F8-F4944497C579}.Debug|Any CPU.ActiveCfg = Debug|Any CPU
		{6C07B4B7-0FD7-427C-B2F8-F4944497C579}.Debug|Any CPU.Build.0 = Debug|Any CPU
		{6C07B4B7-0FD7-427C-B2F8-F4944497C579}.Release|Any CPU.ActiveCfg = Release|Any CPU
		{6C07B4B7-0FD7-427C-B2F8-F4944497C579}.Release|Any CPU.Build.0 = Release|Any CPU
	EndGlobalSection
	GlobalSection(SolutionProperties) = preSolution
		HideSolutionNode = FALSE
	EndGlobalSection
	GlobalSection(NestedProjects) = preSolution
		{8C0363A3-B340-4090-871E-A435FF58609D} = {2533F9D5-363A-4EBD-95EC-B02FAC0CE4F6}
		{EC03E756-5B06-4179-B4DE-94AC90CEE862} = {2533F9D5-363A-4EBD-95EC-B02FAC0CE4F6}
		{75FC8E76-5039-40B4-90EE-96DDE8FAEB65} = {2533F9D5-363A-4EBD-95EC-B02FAC0CE4F6}
		{71F8FA9E-1D21-49A1-B815-D8EE1E882A31} = {2533F9D5-363A-4EBD-95EC-B02FAC0CE4F6}
		{2440748A-E272-489A-B2B4-A44BB7FD249C} = {2533F9D5-363A-4EBD-95EC-B02FAC0CE4F6}
		{B650F292-9992-4797-930B-5D37BB0A633B} = {C4309129-6232-4D7F-A112-1536AA50526C}
		{520F2374-0B34-485F-951F-9C75E3ADEE76} = {C4309129-6232-4D7F-A112-1536AA50526C}
		{CCEABAF4-55BC-4EC0-B15A-C5482700DAE7} = {C4309129-6232-4D7F-A112-1536AA50526C}
		{6C07B4B7-0FD7-427C-B2F8-F4944497C579} = {C4309129-6232-4D7F-A112-1536AA50526C}
	EndGlobalSection
	GlobalSection(ExtensibilityGlobals) = postSolution
		SolutionGuid = {33C40C06-E4E9-4A79-8E61-BF3A3E4D918E}
	EndGlobalSection
EndGlobal
